{
  "originHash" : "9881ce39d64ef52af2ee01467b973b65290a14f3c948dcd7d0769c3f4327ea48",
  "pins" : [
    {
      "identity" : "collaborationkit",
      "kind" : "remoteSourceControl",
      "location" : "https://github.com/schwa/CollaborationKit",
      "state" : {
        "branch" : "main",
        "revision" : "90e5cd29b164120a5f848ae3feb3d3a3ac979dc9"
      }
    },
    {
      "identity" : "metalcompilerplugin",
      "kind" : "remoteSourceControl",
      "location" : "https://github.com/schwa/MetalCompilerPlugin",
      "state" : {
        "revision" : "9c11db3648fa4e4f02bd4918c4b7db3472a73c64",
        "version" : "0.1.6"
      }
    },
    {
      "identity" : "metalsprockets",
      "kind" : "remoteSourceControl",
      "location" : "https://github.com/schwa/MetalSprockets",
      "state" : {
        "revision" : "72938247e9d6fb92f2c2c2981324b28e802e9ff0",
        "version" : "0.1.10"
      }
    },
    {
      "identity" : "metalsupport",
      "kind" : "remoteSourceControl",
      "location" : "https://github.com/schwa/MetalSupport",
      "state" : {
        "revision" : "4546c33a93435d7fce1f172fcc77fd1371a6a927",
        "version" : "1.0.3"
      }
    },
    {
      "identity" : "phosphorkit",
      "kind" : "remoteSourceControl",
      "location" : "https://github.com/schwa/PhosphorKit",
      "state" : {
        "branch" : "main",
        "revision" : "39edd0948fe21cf2a04175e64a0f99d43af1ad66"
      }
    },
    {
      "identity" : "swift-argument-parser",
      "kind" : "remoteSourceControl",
      "location" : "https://github.com/apple/swift-argument-parser",
      "state" : {
        "revision" : "6a52f3251125d74daf04fcbd5e6f08a75d074382",
        "version" : "1.8.2"
      }
    },
    {
      "identity" : "swift-collections",
      "kind" : "remoteSourceControl",
      "location" : "https://github.com/apple/swift-collections.git",
      "state" : {
        "revision" : "a0cb0954ecb21e4e31b0070e6ed5674e8556685a",
        "version" : "1.6.0"
      }
    },
    {
      "identity" : "swift-syntax",
      "kind" : "remoteSourceControl",
      "location" : "https://github.com/swiftlang/swift-syntax.git",
      "state" : {
        "revision" : "4799286537280063c85a32f09884cfbca301b1a1",
        "version" : "602.0.0"
      }
    },
    {
      "identity" : "swift-tree-sitter",
      "kind" : "remoteSourceControl",
      "location" : "https://github.com/tree-sitter/swift-tree-sitter",
      "state" : {
        "revision" : "08ef81eb8620617b55b08868126707ad72bf754f",
        "version" : "0.25.0"
      }
    },
    {
      "identity" : "tomlkit",
      "kind" : "remoteSourceControl",
      "location" : "https://github.com/LebJe/TOMLKit",
      "state" : {
        "revision" : "ec6198d37d495efc6acd4dffbd262cdca7ff9b3f",
        "version" : "0.6.0"
      }
    },
    {
      "identity" : "tree-sitter",
      "kind" : "remoteSourceControl",
      "location" : "https://github.com/tree-sitter/tree-sitter",
      "state" : {
        "revision" : "da6fe9beb4f7f67beb75914ca8e0d48ae48d6406",
        "version" : "0.25.10"
      }
    },
    {
      "identity" : "tree-sitter-cpp",
      "kind" : "remoteSourceControl",
      "location" : "https://github.com/tree-sitter/tree-sitter-cpp",
      "state" : {
        "branch" : "master",
        "revision" : "8b5b49eb196bec7040441bee33b2c9a4838d6967"
      }
    },
    {
      "identity" : "tree-sitter-toml",
      "kind" : "remoteSourceControl",
      "location" : "https://github.com/tree-sitter-grammars/tree-sitter-toml",
      "state" : {
        "branch" : "master",
        "revision" : "64b56832c2cffe41758f28e05c756a3a98d16f41"
      }
    }
  ],
  "version" : 3
}
